// !$*UTF8*$!
{
	archiveVersion = 1;
	classes = {
	};
	objectVersion = 46;
	objects = {

/* Begin PBXBuildFile section */
		6A40D248C6D37EB5E481F4F6 /* Pods_MyDialog.framework in Frameworks */ = {isa = PBXBuildFile; fileRef = AF1947C5857AC1455CEC2737 /* Pods_MyDialog.framework */; };
		B09CB9811F14A21200C6A905 /* AppDelegate.swift in Sources */ = {isa = PBXBuildFile; fileRef = B09CB9801F14A21200C6A905 /* AppDelegate.swift */; };
		B09CB9831F14A21300C6A905 /* ViewController.swift in Sources */ = {isa = PBXBuildFile; fileRef = B09CB9821F14A21300C6A905 /* ViewController.swift */; };
		B09CB9861F14A21300C6A905 /* Main.storyboard in Resources */ = {isa = PBXBuildFile; fileRef = B09CB9841F14A21300C6A905 /* Main.storyboard */; };
		B09CB9881F14A21300C6A905 /* Assets.xcassets in Resources */ = {isa = PBXBuildFile; fileRef = B09CB9871F14A21300C6A905 /* Assets.xcassets */; };
		B09CB98B1F14A21300C6A905 /* LaunchScreen.storyboard in Resources */ = {isa = PBXBuildFile; fileRef = B09CB9891F14A21300C6A905 /* LaunchScreen.storyboard */; };
		B09CB9931F14A27F00C6A905 /* DialogFactory.swift in Sources */ = {isa = PBXBuildFile; fileRef = B09CB9921F14A27F00C6A905 /* DialogFactory.swift */; };
/* End PBXBuildFile section */

/* Begin PBXFileReference section */
		42C26119CCA37662DF1AAAEB /* Pods-MyDialog.debug.xcconfig */ = {isa = PBXFileReference; includeInIndex = 1; lastKnownFileType = text.xcconfig; name = "Pods-MyDialog.debug.xcconfig"; path = "Pods/Target Support Files/Pods-MyDialog/Pods-MyDialog.debug.xcconfig"; sourceTree = "<group>"; };
		AF1947C5857AC1455CEC2737 /* Pods_MyDialog.framework */ = {isa = PBXFileReference; explicitFileType = wrapper.framework; includeInIndex = 0; path = Pods_MyDialog.framework; sourceTree = BUILT_PRODUCTS_DIR; };
		B09CB97D1F14A21200C6A905 /* MyDialog.app */ = {isa = PBXFileReference; explicitFileType = wrapper.application; includeInIndex = 0; path = MyDialog.app; sourceTree = BUILT_PRODUCTS_DIR; };
		B09CB9801F14A21200C6A905 /* AppDelegate.swift */ = {isa = PBXFileReference; lastKnownFileType = sourcecode.swift; path = AppDelegate.swift; sourceTree = "<group>"; };
		B09CB9821F14A21300C6A905 /* ViewController.swift */ = {isa = PBXFileReference; lastKnownFileType = sourcecode.swift; path = ViewController.swift; sourceTree = "<group>"; };
		B09CB9851F14A21300C6A905 /* Base */ = {isa = PBXFileReference; lastKnownFileType = file.storyboard; name = Base; path = Base.lproj/Main.storyboard; sourceTree = "<group>"; };
		B09CB9871F14A21300C6A905 /* Assets.xcassets */ = {isa = PBXFileReference; lastKnownFileType = folder.assetcatalog; path = Assets.xcassets; sourceTree = "<group>"; };
		B09CB98A1F14A21300C6A905 /* Base */ = {isa = PBXFileReference; lastKnownFileType = file.storyboard; name = Base; path = Base.lproj/LaunchScreen.storyboard; sourceTree = "<group>"; };
		B09CB98C1F14A21300C6A905 /* Info.plist */ = {isa = PBXFileReference; lastKnownFileType = text.plist.xml; path = Info.plist; sourceTree = "<group>"; };
		B09CB9921F14A27F00C6A905 /* DialogFactory.swift */ = {isa = PBXFileReference; fileEncoding = 4; lastKnownFileType = sourcecode.swift; path = DialogFactory.swift; sourceTree = "<group>"; };
		FD199BF8D9F1A36BD3A01E2D /* Pods-MyDialog.release.xcconfig */ = {isa = PBXFileReference; includeInIndex = 1; lastKnownFileType = text.xcconfig; name = "Pods-MyDialog.release.xcconfig"; path = "Pods/Target Support Files/Pods-MyDialog/Pods-MyDialog.release.xcconfig"; sourceTree = "<group>"; };
/* End PBXFileReference section */

/* Begin PBXFrameworksBuildPhase section */
		B09CB97A1F14A21200C6A905 /* Frameworks */ = {
			isa = PBXFrameworksBuildPhase;
			buildActionMask = 2147483647;
			files = (
				6A40D248C6D37EB5E481F4F6 /* Pods_MyDialog.framework in Frameworks */,
			);
			runOnlyForDeploymentPostprocessing = 0;
		};
/* End PBXFrameworksBuildPhase section */

/* Begin PBXGroup section */
		14E40CE0416313F93A5C1B9B /* Pods */ = {
			isa = PBXGroup;
			children = (
				42C26119CCA37662DF1AAAEB /* Pods-MyDialog.debug.xcconfig */,
				FD199BF8D9F1A36BD3A01E2D /* Pods-MyDialog.release.xcconfig */,
			);
			name = Pods;
			sourceTree = "<group>";
		};
		B09CB9741F14A21200C6A905 = {
			isa = PBXGroup;
			children = (
				B09CB97F1F14A21200C6A905 /* MyDialog */,
				B09CB97E1F14A21200C6A905 /* Products */,
				14E40CE0416313F93A5C1B9B /* Pods */,
				CC1BB6F66E223BA12700099C /* Frameworks */,
			);
			sourceTree = "<group>";
		};
		B09CB97E1F14A21200C6A905 /* Products */ = {
			isa = PBXGroup;
			children = (
				B09CB97D1F14A21200C6A905 /* MyDialog.app */,
			);
			name = Products;
			sourceTree = "<group>";
		};
		B09CB97F1F14A21200C6A905 /* MyDialog */ = {
			isa = PBXGroup;
			children = (
				B09CB9801F14A21200C6A905 /* AppDelegate.swift */,
				B09CB9821F14A21300C6A905 /* ViewController.swift */,
				B09CB9841F14A21300C6A905 /* Main.storyboard */,
				B09CB9871F14A21300C6A905 /* Assets.xcassets */,
				B09CB9891F14A21300C6A905 /* LaunchScreen.storyboard */,
				B09CB98C1F14A21300C6A905 /* Info.plist */,
				B09CB9921F14A27F00C6A905 /* DialogFactory.swift */,
			);
			path = MyDialog;
			sourceTree = "<group>";
		};
		CC1BB6F66E223BA12700099C /* Frameworks */ = {
			isa = PBXGroup;
			children = (
				AF1947C5857AC1455CEC2737 /* Pods_MyDialog.framework */,
			);
			name = Frameworks;
			sourceTree = "<group>";
		};
/* End PBXGroup section */

/* Begin PBXNativeTarget section */
		B09CB97C1F14A21200C6A905 /* MyDialog */ = {
			isa = PBXNativeTarget;
			buildConfigurationList = B09CB98F1F14A21300C6A905 /* Build configuration list for PBXNativeTarget "MyDialog" */;
			buildPhases = (
				B43338D201BE944FA9045EB6 /* [CP] Check Pods Manifest.lock */,
				B09CB9791F14A21200C6A905 /* Sources */,
				B09CB97A1F14A21200C6A905 /* Frameworks */,
				B09CB97B1F14A21200C6A905 /* Resources */,
				9B9067ED6B5872FF1778A592 /* [CP] Embed Pods Frameworks */,
				2B908A03CCCA82875EF31257 /* [CP] Copy Pods Resources */,
			);
			buildRules = (
			);
			dependencies = (
			);
			name = MyDialog;
			productName = MyDialog;
			productReference = B09CB97D1F14A21200C6A905 /* MyDialog.app */;
			productType = "com.apple.product-type.application";
		};
/* End PBXNativeTarget section */

/* Begin PBXProject section */
		B09CB9751F14A21200C6A905 /* Project object */ = {
			isa = PBXProject;
			attributes = {
				LastSwiftUpdateCheck = 0830;
				LastUpgradeCheck = 0830;
				ORGANIZATIONNAME = Addweup;
				TargetAttributes = {
					B09CB97C1F14A21200C6A905 = {
						CreatedOnToolsVersion = 8.3.3;
						DevelopmentTeam = XVCL6D6W43;
						ProvisioningStyle = Automatic;
					};
				};
			};
			buildConfigurationList = B09CB9781F14A21200C6A905 /* Build configuration list for PBXProject "MyDialog" */;
			compatibilityVersion = "Xcode 3.2";
			developmentRegion = English;
			hasScannedForEncodings = 0;
			knownRegions = (
				en,
				Base,
			);
			mainGroup = B09CB9741F14A21200C6A905;
			productRefGroup = B09CB97E1F14A21200C6A905 /* Products */;
			projectDirPath = "";
			projectRoot = "";
			targets = (
				B09CB97C1F14A21200C6A905 /* MyDialog */,
			);
		};
/* End PBXProject section */

/* Begin PBXResourcesBuildPhase section */
		B09CB97B1F14A21200C6A905 /* Resources */ = {
			isa = PBXResourcesBuildPhase;
			buildActionMask = 2147483647;
			files = (
				B09CB98B1F14A21300C6A905 /* LaunchScreen.storyboard in Resources */,
				B09CB9881F14A21300C6A905 /* Assets.xcassets in Resources */,
				B09CB9861F14A21300C6A905 /* Main.storyboard in Resources */,
			);
			runOnlyForDeploymentPostprocessing = 0;
		};
/* End PBXResourcesBuildPhase section */

/* Begin PBXShellScriptBuildPhase section */
		2B908A03CCCA82875EF31257 /* [CP] Copy Pods Resources */ = {
			isa = PBXShellScriptBuildPhase;
			buildActionMask = 2147483647;
			files = (
			);
			inputPaths = (
			);
			name = "[CP] Copy Pods Resources";
			outputPaths = (
			);
			runOnlyForDeploymentPostprocessing = 0;
			shellPath = /bin/sh;
			shellScript = "\"${SRCROOT}/Pods/Target Support Files/Pods-MyDialog/Pods-MyDialog-resources.sh\"\n";
			showEnvVarsInLog = 0;
		};
		9B9067ED6B5872FF1778A592 /* [CP] Embed Pods Frameworks */ = {
			isa = PBXShellScriptBuildPhase;
			buildActionMask = 2147483647;
			files = (
			);
			inputPaths = (
			);
			name = "[CP] Embed Pods Frameworks";
			outputPaths = (
			);
			runOnlyForDeploymentPostprocessing = 0;
			shellPath = /bin/sh;
			shellScript = "\"${SRCROOT}/Pods/Target Support Files/Pods-MyDialog/Pods-MyDialog-frameworks.sh\"\n";
			showEnvVarsInLog = 0;
		};
		B43338D201BE944FA9045EB6 /* [CP] Check Pods Manifest.lock */ = {
			isa = PBXShellScriptBuildPhase;
			buildActionMask = 2147483647;
			files = (
			);
			inputPaths = (
			);
			name = "[CP] Check Pods Manifest.lock";
			outputPaths = (
			);
			runOnlyForDeploymentPostprocessing = 0;
			shellPath = /bin/sh;
			shellScript = "diff \"${PODS_PODFILE_DIR_PATH}/Podfile.lock\" \"${PODS_ROOT}/Manifest.lock\" > /dev/null\nif [ $? != 0 ] ; then\n    # print error to STDERR\n    echo \"error: The sandbox is not in sync with the Podfile.lock. Run 'pod install' or update your CocoaPods installation.\" >&2\n    exit 1\nfi\n";
			showEnvVarsInLog = 0;
		};
/* End PBXShellScriptBuildPhase section */

/* Begin PBXSourcesBuildPhase section */
		B09CB9791F14A21200C6A905 /* Sources */ = {
			isa = PBXSourcesBuildPhase;
			buildActionMask = 2147483647;
			files = (
				B09CB9831F14A21300C6A905 /* ViewController.swift in Sources */,
				B09CB9811F14A21200C6A905 /* AppDelegate.swift in Sources */,
				B09CB9931F14A27F00C6A905 /* DialogFactory.swift in Sources */,
			);
			runOnlyForDeploymentPostprocessing = 0;
		};
/* End PBXSourcesBuildPhase section */

/* Begin PBXVariantGroup section */
		B09CB9841F14A21300C6A905 /* Main.storyboard */ = {
			isa = PBXVariantGroup;
			children = (
				B09CB9851F14A21300C6A905 /* Base */,
			);
			name = Main.storyboard;
			sourceTree = "<group>";
		};
		B09CB9891F14A21300C6A905 /* LaunchScreen.storyboard */ = {
			isa = PBXVariantGroup;
			children = (
				B09CB98A1F14A21300C6A905 /* Base */,
			);
			name = LaunchScreen.storyboard;
			sourceTree = "<group>";
		};
/* End PBXVariantGroup section */

/* Begin XCBuildConfiguration section */
		B09CB98D1F14A21300C6A905 /* Debug */ = {
			isa = XCBuildConfiguration;
			buildSettings = {
				ALWAYS_SEARCH_USER_PATHS = NO;
				CLANG_ANALYZER_NONNULL = YES;
				CLANG_ANALYZER_NUMBER_OBJECT_CONVERSION = YES_AGGRESSIVE;
				CLANG_CXX_LANGUAGE_STANDARD = "gnu++0x";
				CLANG_CXX_LIBRARY = "libc++";
				CLANG_ENABLE_MODULES = YES;
				CLANG_ENABLE_OBJC_ARC = YES;
				CLANG_WARN_BOOL_CONVERSION = YES;
				CLANG_WARN_CONSTANT_CONVERSION = YES;
				CLANG_WARN_DIRECT_OBJC_ISA_USAGE = YES_ERROR;
				CLANG_WARN_DOCUMENTATION_COMMENTS = YES;
				CLANG_WARN_EMPTY_BODY = YES;
				CLANG_WARN_ENUM_CONVERSION = YES;
				CLANG_WARN_INFINITE_RECURSION = YES;
				CLANG_WARN_INT_CONVERSION = YES;
				CLANG_WARN_OBJC_ROOT_CLASS = YES_ERROR;
				CLANG_WARN_SUSPICIOUS_MOVE = YES;
				CLANG_WARN_UNREACHABLE_CODE = YES;
				CLANG_WARN__DUPLICATE_METHOD_MATCH = YES;
				"CODE_SIGN_IDENTITY[sdk=iphoneos*]" = "iPhone Developer";
				COPY_PHASE_STRIP = NO;
				DEBUG_INFORMATION_FORMAT = dwarf;
				ENABLE_STRICT_OBJC_MSGSEND = YES;
				ENABLE_TESTABILITY = YES;
				GCC_C_LANGUAGE_STANDARD = gnu99;
				GCC_DYNAMIC_NO_PIC = NO;
				GCC_NO_COMMON_BLOCKS = YES;
				GCC_OPTIMIZATION_LEVEL = 0;
				GCC_PREPROCESSOR_DEFINITIONS = (
					"DEBUG=1",
					"$(inherited)",
				);
				GCC_WARN_64_TO_32_BIT_CONVERSION = YES;
				GCC_WARN_ABOUT_RETURN_TYPE = YES_ERROR;
				GCC_WARN_UNDECLARED_SELECTOR = YES;
				GCC_WARN_UNINITIALIZED_AUTOS = YES_AGGRESSIVE;
				GCC_WARN_UNUSED_FUNCTION = YES;
				GCC_WARN_UNUSED_VARIABLE = YES;
				IPHONEOS_DEPLOYMENT_TARGET = 10.3;
				MTL_ENABLE_DEBUG_INFO = YES;
				ONLY_ACTIVE_ARCH = YES;
				SDKROOT = iphoneos;
				SWIFT_ACTIVE_COMPILATION_CONDITIONS = DEBUG;
				SWIFT_OPTIMIZATION_LEVEL = "-Onone";
			};
			name = Debug;
		};
		B09CB98E1F14A21300C6A905 /* Release */ = {
			isa = XCBuildConfiguration;
			buildSettings = {
				ALWAYS_SEARCH_USER_PATHS = NO;
				CLANG_ANALYZER_NONNULL = YES;
				CLANG_ANALYZER_NUMBER_OBJECT_CONVERSION = YES_AGGRESSIVE;
				CLANG_CXX_LANGUAGE_STANDARD = "gnu++0x";
				CLANG_CXX_LIBRARY = "libc++";
				CLANG_ENABLE_MODULES = YES;
				CLANG_ENABLE_OBJC_ARC = YES;
				CLANG_WARN_BOOL_CONVERSION = YES;
				CLANG_WARN_CONSTANT_CONVERSION = YES;
				CLANG_WARN_DIRECT_OBJC_ISA_USAGE = YES_ERROR;
				CLANG_WARN_DOCUMENTATION_COMMENTS = YES;
				CLANG_WARN_EMPTY_BODY = YES;
				CLANG_WARN_ENUM_CONVERSION = YES;
				CLANG_WARN_INFINITE_RECURSION = YES;
				CLANG_WARN_INT_CONVERSION = YES;
				CLANG_WARN_OBJC_ROOT_CLASS = YES_ERROR;
				CLANG_WARN_SUSPICIOUS_MOVE = YES;
				CLANG_WARN_UNREACHABLE_CODE = YES;
				CLANG_WARN__DUPLICATE_METHOD_MATCH = YES;
				"CODE_SIGN_IDENTITY[sdk=iphoneos*]" = "iPhone Developer";
				COPY_PHASE_STRIP = NO;
				DEBUG_INFORMATION_FORMAT = "dwarf-with-dsym";
				ENABLE_NS_ASSERTIONS = NO;
				ENABLE_STRICT_OBJC_MSGSEND = YES;
				GCC_C_LANGUAGE_STANDARD = gnu99;
				GCC_NO_COMMON_BLOCKS = YES;
				GCC_WARN_64_TO_32_BIT_CONVERSION = YES;
				GCC_WARN_ABOUT_RETURN_TYPE = YES_ERROR;
				GCC_WARN_UNDECLARED_SELECTOR = YES;
				GCC_WARN_UNINITIALIZED_AUTOS = YES_AGGRESSIVE;
				GCC_WARN_UNUSED_FUNCTION = YES;
				GCC_WARN_UNUSED_VARIABLE = YES;
				IPHONEOS_DEPLOYMENT_TARGET = 10.3;
				MTL_ENABLE_DEBUG_INFO = NO;
				SDKROOT = iphoneos;
				SWIFT_OPTIMIZATION_LEVEL = "-Owholemodule";
				VALIDATE_PRODUCT = YES;
			};
			name = Release;
		};
		B09CB9901F14A21300C6A905 /* Debug */ = {
			isa = XCBuildConfiguration;
			baseConfigurationReference = 42C26119CCA37662DF1AAAEB /* Pods-MyDialog.debug.xcconfig */;
			buildSettings = {
				ASSETCATALOG_COMPILER_APPICON_NAME = AppIcon;
				DEVELOPMENT_TEAM = XVCL6D6W43;
				INFOPLIST_FILE = MyDialog/Info.plist;
				LD_RUNPATH_SEARCH_PATHS = "$(inherited) @executable_path/Frameworks";
				PRODUCT_BUNDLE_IDENTIFIER = addweup.com.MyDialog;
				PRODUCT_NAME = "$(TARGET_NAME)";
				SWIFT_VERSION = 3.0;
			};
			name = Debug;
		};
		B09CB9911F14A21300C6A905 /* Release */ = {
			isa = XCBuildConfiguration;
			baseConfigurationReference = FD199BF8D9F1A36BD3A01E2D /* Pods-MyDialog.release.xcconfig */;
			buildSettings = {
				ASSETCATALOG_COMPILER_APPICON_NAME = AppIcon;
				DEVELOPMENT_TEAM = XVCL6D6W43;
				INFOPLIST_FILE = MyDialog/Info.plist;
				LD_RUNPATH_SEARCH_PATHS = "$(inherited) @executable_path/Frameworks";
				PRODUCT_BUNDLE_IDENTIFIER = addweup.com.MyDialog;
				PRODUCT_NAME = "$(TARGET_NAME)";
				SWIFT_VERSION = 3.0;
			};
			name = Release;
		};
/* End XCBuildConfiguration section */

/* Begin XCConfigurationList section */
		B09CB9781F14A21200C6A905 /* Build configuration list for PBXProject "MyDialog" */ = {
			isa = XCConfigurationList;
			buildConfigurations = (
				B09CB98D1F14A21300C6A905 /* Debug */,
				B09CB98E1F14A21300C6A905 /* Release */,
			);
			defaultConfigurationIsVisible = 0;
			defaultConfigurationName = Release;
		};
		B09CB98F1F14A21300C6A905 /* Build configuration list for PBXNativeTarget "MyDialog" */ = {
			isa = XCConfigurationList;
			buildConfigurations = (
				B09CB9901F14A21300C6A905 /* Debug */,
				B09CB9911F14A21300C6A905 /* Release */,
			);
			defaultConfigurationIsVisible = 0;
			defaultConfigurationName = Release;
		};
/* End XCConfigurationList section */
	};
	rootObject = B09CB9751F14A21200C6A905 /* Project object */;
}
